{
  "name": "timetaste",
  "version": "1.0.0",
  "lockfileVersion": 3,
  "requires": true,
  "packages": {
    "": {
      "name": "timetaste",
      "version": "1.0.0",
      "license": "ISC",
      "devDependencies": {
        "miniprogram-api-typings": "^5.1.1"
      }
    },
    "node_modules/miniprogram-api-typings": {
      "version": "5.1.1",
      "resolved": "https://registry.npmjs.org/miniprogram-api-typings/-/miniprogram-api-typings-5.1.1.tgz",
      "integrity": "sha512-9BmfNKguEIpIOfud9vpgcRF/nBFU0NshHWgKkmZzEVLrKIAYInS8U2syLL1XKfNazAVjy6s9dR4VPyb+9Hyy0w==",
      "dev": true
    }
  }
}
