{
  "name": "eat-what",
  "version": "1.0.0",
  "lockfileVersion": 3,
  "requires": true,
  "packages": {
    "": {
      "name": "eat-what",
      "version": "1.0.0",
      "license": "ISC",
      "devDependencies": {
        "miniprogram-api-typings": "^5.0.0"
      }
    },
    "node_modules/miniprogram-api-typings": {
      "version": "5.0.0",
      "resolved": "https://registry.npmjs.org/miniprogram-api-typings/-/miniprogram-api-typings-5.0.0.tgz",
      "integrity": "sha512-KQ1ZDk0cK3JrAaZtlFNlC/De/HwqhtToPZTzIYvFzi4FaW0Z8raIBN/qpjZ5QMiBaBNl/hJwTWwD+tfp8BwCZw==",
      "dev": true
    }
  }
}
